
Microsoft Visual Studio Solution File, Format Version 12.00
# Visual Studio Version 17
VisualStudioVersion = 17.4.33122.133
MinimumVisualStudioVersion = 10.0.40219.1
Project("{9A19103F-16F7-4668-BE54-9A1E7A4F7556}") = "Chatter.Domain.BusinessLogic", "Chatter.Domain.BusinessLogic\Chatter.Domain.BusinessLogic.csproj", "{45311C60-2627-4A4B-9097-20B2B9E465FC}"
EndProject
Project("{9A19103F-16F7-4668-BE54-9A1E7A4F7556}") = "Chatter.Domain.DataAccess", "Chatter.Domain.DataAccess\Chatter.Domain.DataAccess.csproj", "{667238C4-FA25-45E2-917F-A215A5AD2A21}"
EndProject
Project("{9A19103F-16F7-4668-BE54-9A1E7A4F7556}") = "Chatter.Domain.API", "Chatter.Domain.API\Chatter.Domain.API.csproj", "{13278B8F-FAC3-48A8-BCF4-3AD38FA357CC}"
EndProject
Project("{9A19103F-16F7-4668-BE54-9A1E7A4F7556}") = "Chatter.Domain.Common", "Chatter.Domain.Common\Chatter.Domain.Common.csproj", "{046324ED-345A-4481-8641-251E8D2AB521}"
EndProject
Project("{9A19103F-16F7-4668-BE54-9A1E7A4F7556}") = "Chatter.Domain.Tests.IntegrationTests", "Chatter.Domain.Tests.IntegrationTests\Chatter.Domain.Tests.IntegrationTests.csproj", "{58274630-1A04-402A-A3D5-5DF81E444D37}"
EndProject
Project("{9A19103F-16F7-4668-BE54-9A1E7A4F7556}") = "Chatter.Domain.Tests.UnitTests", "Chatter.Domain.Tests.UnitTests\Chatter.Domain.Tests.UnitTests.csproj", "{60D5C563-8A07-435B-9744-1E4F9A24E821}"
EndProject
Project("{FAE04EC0-301F-11D3-BF4B-00C04F79EFBC}") = "Chatter.Domain.Tests.Common", "Chatter.Domain.Tests.Common\Chatter.Domain.Tests.Common.csproj", "{03378337-35A6-4999-8586-51D02E419C2F}"
EndProject
Global
	GlobalSection(SolutionConfigurationPlatforms) = preSolution
		Debug|Any CPU = Debug|Any CPU
		Release|Any CPU = Release|Any CPU
	EndGlobalSection
	GlobalSection(ProjectConfigurationPlatforms) = postSolution
		{45311C60-2627-4A4B-9097-20B2B9E465FC}.Debug|Any CPU.ActiveCfg = Debug|Any CPU
		{45311C60-2627-4A4B-9097-20B2B9E465FC}.Debug|Any CPU.Build.0 = Debug|Any CPU
		{45311C60-2627-4A4B-9097-20B2B9E465FC}.Release|Any CPU.ActiveCfg = Release|Any CPU
		{45311C60-2627-4A4B-9097-20B2B9E465FC}.Release|Any CPU.Build.0 = Release|Any CPU
		{667238C4-FA25-45E2-917F-A215A5AD2A21}.Debug|Any CPU.ActiveCfg = Debug|Any CPU
		{667238C4-FA25-45E2-917F-A215A5AD2A21}.Debug|Any CPU.Build.0 = Debug|Any CPU
		{667238C4-FA25-45E2-917F-A215A5AD2A21}.Release|Any CPU.ActiveCfg = Release|Any CPU
		{667238C4-FA25-45E2-917F-A215A5AD2A21}.Release|Any CPU.Build.0 = Release|Any CPU
		{13278B8F-FAC3-48A8-BCF4-3AD38FA357CC}.Debug|Any CPU.ActiveCfg = Debug|Any CPU
		{13278B8F-FAC3-48A8-BCF4-3AD38FA357CC}.Debug|Any CPU.Build.0 = Debug|Any CPU
		{13278B8F-FAC3-48A8-BCF4-3AD38FA357CC}.Release|Any CPU.ActiveCfg = Release|Any CPU
		{13278B8F-FAC3-48A8-BCF4-3AD38FA357CC}.Release|Any CPU.Build.0 = Release|Any CPU
		{046324ED-345A-4481-8641-251E8D2AB521}.Debug|Any CPU.ActiveCfg = Debug|Any CPU
		{046324ED-345A-4481-8641-251E8D2AB521}.Debug|Any CPU.Build.0 = Debug|Any CPU
		{046324ED-345A-4481-8641-251E8D2AB521}.Release|Any CPU.ActiveCfg = Release|Any CPU
		{046324ED-345A-4481-8641-251E8D2AB521}.Release|Any CPU.Build.0 = Release|Any CPU
		{58274630-1A04-402A-A3D5-5DF81E444D37}.Debug|Any CPU.ActiveCfg = Debug|Any CPU
		{58274630-1A04-402A-A3D5-5DF81E444D37}.Debug|Any CPU.Build.0 = Debug|Any CPU
		{58274630-1A04-402A-A3D5-5DF81E444D37}.Release|Any CPU.ActiveCfg = Release|Any CPU
		{58274630-1A04-402A-A3D5-5DF81E444D37}.Release|Any CPU.Build.0 = Release|Any CPU
		{60D5C563-8A07-435B-9744-1E4F9A24E821}.Debug|Any CPU.ActiveCfg = Debug|Any CPU
		{60D5C563-8A07-435B-9744-1E4F9A24E821}.Debug|Any CPU.Build.0 = Debug|Any CPU
		{60D5C563-8A07-435B-9744-1E4F9A24E821}.Release|Any CPU.ActiveCfg = Release|Any CPU
		{60D5C563-8A07-435B-9744-1E4F9A24E821}.Release|Any CPU.Build.0 = Release|Any CPU
		{03378337-35A6-4999-8586-51D02E419C2F}.Debug|Any CPU.ActiveCfg = Debug|Any CPU
		{03378337-35A6-4999-8586-51D02E419C2F}.Debug|Any CPU.Build.0 = Debug|Any CPU
		{03378337-35A6-4999-8586-51D02E419C2F}.Release|Any CPU.ActiveCfg = Release|Any CPU
		{03378337-35A6-4999-8586-51D02E419C2F}.Release|Any CPU.Build.0 = Release|Any CPU
	EndGlobalSection
	GlobalSection(SolutionProperties) = preSolution
		HideSolutionNode = FALSE
	EndGlobalSection
	GlobalSection(ExtensibilityGlobals) = postSolution
		SolutionGuid = {E73247C8-0EF3-4730-BAF7-694BDEAE3FB4}
	EndGlobalSection
EndGlobal
